// !$*UTF8*$!
{
	archiveVersion = 1;
	classes = {
	};
	objectVersion = 50;
	objects = {

/* Begin PBXBuildFile section */
		F5924C212082505500A1C367 /* Theme.swift in Sources */ = {isa = PBXBuildFile; fileRef = F5924C202082505500A1C367 /* Theme.swift */; };
		F5924C2320825AE200A1C367 /* ApiManager.swift in Sources */ = {isa = PBXBuildFile; fileRef = F5924C2220825AE200A1C367 /* ApiManager.swift */; };
		F596C07C2078A0260051E558 /* AppDelegate.swift in Sources */ = {isa = PBXBuildFile; fileRef = F596C07B2078A0260051E558 /* AppDelegate.swift */; };
		F596C0842078A0260051E558 /* FinalProject.xcdatamodeld in Sources */ = {isa = PBXBuildFile; fileRef = F596C0822078A0260051E558 /* FinalProject.xcdatamodeld */; };
		F596C0862078A0270051E558 /* Assets.xcassets in Resources */ = {isa = PBXBuildFile; fileRef = F596C0852078A0270051E558 /* Assets.xcassets */; };
		F596C0892078A0270051E558 /* LaunchScreen.storyboard in Resources */ = {isa = PBXBuildFile; fileRef = F596C0872078A0270051E558 /* LaunchScreen.storyboard */; };
		F596C0942078A0270051E558 /* FinalProjectTests.swift in Sources */ = {isa = PBXBuildFile; fileRef = F596C0932078A0270051E558 /* FinalProjectTests.swift */; };
		F596C09F2078A0270051E558 /* FinalProjectUITests.swift in Sources */ = {isa = PBXBuildFile; fileRef = F596C09E2078A0270051E558 /* FinalProjectUITests.swift */; };
		F596C0BC2078AC160051E558 /* Bolts.framework in Frameworks */ = {isa = PBXBuildFile; fileRef = F596C0B92078AC150051E558 /* Bolts.framework */; };
		F596C0BD2078AC160051E558 /* FBSDKCoreKit.framework in Frameworks */ = {isa = PBXBuildFile; fileRef = F596C0BA2078AC160051E558 /* FBSDKCoreKit.framework */; };
		F596C0BE2078AC160051E558 /* FBSDKLoginKit.framework in Frameworks */ = {isa = PBXBuildFile; fileRef = F596C0BB2078AC160051E558 /* FBSDKLoginKit.framework */; };
		F596C0C0207943CB0051E558 /* Podfile in Resources */ = {isa = PBXBuildFile; fileRef = F596C0BF207943CB0051E558 /* Podfile */; };
		F5DBD33220825F84002D27A9 /* FavoritesViewController.swift in Sources */ = {isa = PBXBuildFile; fileRef = F5DBD33120825F84002D27A9 /* FavoritesViewController.swift */; };
		F5DBD33420825F90002D27A9 /* LoginViewController.swift in Sources */ = {isa = PBXBuildFile; fileRef = F5DBD33320825F90002D27A9 /* LoginViewController.swift */; };
		F5DBD33820825FAE002D27A9 /* HomeViewController.swift in Sources */ = {isa = PBXBuildFile; fileRef = F5DBD33520825FAE002D27A9 /* HomeViewController.swift */; };
		F5DBD33920825FAE002D27A9 /* CustomTabBarController.swift in Sources */ = {isa = PBXBuildFile; fileRef = F5DBD33620825FAE002D27A9 /* CustomTabBarController.swift */; };
		F5DBD33A20825FAE002D27A9 /* ProfileViewController.swift in Sources */ = {isa = PBXBuildFile; fileRef = F5DBD33720825FAE002D27A9 /* ProfileViewController.swift */; };
		F5DBD33D20825FC0002D27A9 /* Main.storyboard in Resources */ = {isa = PBXBuildFile; fileRef = F5DBD33B20825FC0002D27A9 /* Main.storyboard */; };
		F5DBD33F20826057002D27A9 /* Item.swift in Sources */ = {isa = PBXBuildFile; fileRef = F5DBD33E20826057002D27A9 /* Item.swift */; };
		F5DBD341208265DA002D27A9 /* ItemCellView.swift in Sources */ = {isa = PBXBuildFile; fileRef = F5DBD340208265DA002D27A9 /* ItemCellView.swift */; };
		F5DBD34320826E79002D27A9 /* ItemViewController.swift in Sources */ = {isa = PBXBuildFile; fileRef = F5DBD34220826E79002D27A9 /* ItemViewController.swift */; };
		F5DBD34720828946002D27A9 /* DatabaseManager.swift in Sources */ = {isa = PBXBuildFile; fileRef = F5DBD34620828946002D27A9 /* DatabaseManager.swift */; };
		F5DBD3492082931B002D27A9 /* SettingsViewController.swift in Sources */ = {isa = PBXBuildFile; fileRef = F5DBD3482082931B002D27A9 /* SettingsViewController.swift */; };
		F5DBD34B20837DB4002D27A9 /* DatabaseManager+Operations.swift in Sources */ = {isa = PBXBuildFile; fileRef = F5DBD34A20837DB4002D27A9 /* DatabaseManager+Operations.swift */; };
		F5DBD34D20837E7D002D27A9 /* User.swift in Sources */ = {isa = PBXBuildFile; fileRef = F5DBD34C20837E7D002D27A9 /* User.swift */; };
		F8E4BE54F3EAD78CAB1F13F2 /* Pods_FinalProject.framework in Frameworks */ = {isa = PBXBuildFile; fileRef = 9CD466C53EB03B4983BB4C51 /* Pods_FinalProject.framework */; };
/* End PBXBuildFile section */

/* Begin PBXContainerItemProxy section */
		F596C0902078A0270051E558 /* PBXContainerItemProxy */ = {
			isa = PBXContainerItemProxy;
			containerPortal = F596C0702078A0260051E558 /* Project object */;
			proxyType = 1;
			remoteGlobalIDString = F596C0772078A0260051E558;
			remoteInfo = FinalProject;
		};
		F596C09B2078A0270051E558 /* PBXContainerItemProxy */ = {
			isa = PBXContainerItemProxy;
			containerPortal = F596C0702078A0260051E558 /* Project object */;
			proxyType = 1;
			remoteGlobalIDString = F596C0772078A0260051E558;
			remoteInfo = FinalProject;
		};
/* End PBXContainerItemProxy section */

/* Begin PBXFileReference section */
		3B6C115AB371B6BD6BFD8FC3 /* Pods-FinalProject.release.xcconfig */ = {isa = PBXFileReference; includeInIndex = 1; lastKnownFileType = text.xcconfig; name = "Pods-FinalProject.release.xcconfig"; path = "Pods/Target Support Files/Pods-FinalProject/Pods-FinalProject.release.xcconfig"; sourceTree = "<group>"; };
		4D91914C88A75B5521D741B7 /* Pods-FinalProject.debug.xcconfig */ = {isa = PBXFileReference; includeInIndex = 1; lastKnownFileType = text.xcconfig; name = "Pods-FinalProject.debug.xcconfig"; path = "Pods/Target Support Files/Pods-FinalProject/Pods-FinalProject.debug.xcconfig"; sourceTree = "<group>"; };
		9CD466C53EB03B4983BB4C51 /* Pods_FinalProject.framework */ = {isa = PBXFileReference; explicitFileType = wrapper.framework; includeInIndex = 0; path = Pods_FinalProject.framework; sourceTree = BUILT_PRODUCTS_DIR; };
		F5924C202082505500A1C367 /* Theme.swift */ = {isa = PBXFileReference; lastKnownFileType = sourcecode.swift; path = Theme.swift; sourceTree = "<group>"; };
		F5924C2220825AE200A1C367 /* ApiManager.swift */ = {isa = PBXFileReference; lastKnownFileType = sourcecode.swift; path = ApiManager.swift; sourceTree = "<group>"; };
		F596C0782078A0260051E558 /* FinalProject.app */ = {isa = PBXFileReference; explicitFileType = wrapper.application; includeInIndex = 0; path = FinalProject.app; sourceTree = BUILT_PRODUCTS_DIR; };
		F596C07B2078A0260051E558 /* AppDelegate.swift */ = {isa = PBXFileReference; lastKnownFileType = sourcecode.swift; path = AppDelegate.swift; sourceTree = "<group>"; };
		F596C0832078A0260051E558 /* FinalProject.xcdatamodel */ = {isa = PBXFileReference; lastKnownFileType = wrapper.xcdatamodel; path = FinalProject.xcdatamodel; sourceTree = "<group>"; };
		F596C0852078A0270051E558 /* Assets.xcassets */ = {isa = PBXFileReference; lastKnownFileType = folder.assetcatalog; path = Assets.xcassets; sourceTree = "<group>"; };
		F596C0882078A0270051E558 /* Base */ = {isa = PBXFileReference; lastKnownFileType = file.storyboard; name = Base; path = Base.lproj/LaunchScreen.storyboard; sourceTree = "<group>"; };
		F596C08A2078A0270051E558 /* Info.plist */ = {isa = PBXFileReference; lastKnownFileType = text.plist.xml; path = Info.plist; sourceTree = "<group>"; };
		F596C08F2078A0270051E558 /* FinalProjectTests.xctest */ = {isa = PBXFileReference; explicitFileType = wrapper.cfbundle; includeInIndex = 0; path = FinalProjectTests.xctest; sourceTree = BUILT_PRODUCTS_DIR; };
		F596C0932078A0270051E558 /* FinalProjectTests.swift */ = {isa = PBXFileReference; lastKnownFileType = sourcecode.swift; path = FinalProjectTests.swift; sourceTree = "<group>"; };
		F596C0952078A0270051E558 /* Info.plist */ = {isa = PBXFileReference; lastKnownFileType = text.plist.xml; path = Info.plist; sourceTree = "<group>"; };
		F596C09A2078A0270051E558 /* FinalProjectUITests.xctest */ = {isa = PBXFileReference; explicitFileType = wrapper.cfbundle; includeInIndex = 0; path = FinalProjectUITests.xctest; sourceTree = BUILT_PRODUCTS_DIR; };
		F596C09E2078A0270051E558 /* FinalProjectUITests.swift */ = {isa = PBXFileReference; lastKnownFileType = sourcecode.swift; path = FinalProjectUITests.swift; sourceTree = "<group>"; };
		F596C0A02078A0270051E558 /* Info.plist */ = {isa = PBXFileReference; lastKnownFileType = text.plist.xml; path = Info.plist; sourceTree = "<group>"; };
		F596C0B92078AC150051E558 /* Bolts.framework */ = {isa = PBXFileReference; lastKnownFileType = wrapper.framework; path = Bolts.framework; sourceTree = "<group>"; };
		F596C0BA2078AC160051E558 /* FBSDKCoreKit.framework */ = {isa = PBXFileReference; lastKnownFileType = wrapper.framework; path = FBSDKCoreKit.framework; sourceTree = "<group>"; };
		F596C0BB2078AC160051E558 /* FBSDKLoginKit.framework */ = {isa = PBXFileReference; lastKnownFileType = wrapper.framework; path = FBSDKLoginKit.framework; sourceTree = "<group>"; };
		F596C0BF207943CB0051E558 /* Podfile */ = {isa = PBXFileReference; lastKnownFileType = text; path = Podfile; sourceTree = "<group>"; xcLanguageSpecificationIdentifier = xcode.lang.ruby; };
		F5DBD33120825F84002D27A9 /* FavoritesViewController.swift */ = {isa = PBXFileReference; fileEncoding = 4; lastKnownFileType = sourcecode.swift; name = FavoritesViewController.swift; path = FinalProject/Screens/FavoritesViewController.swift; sourceTree = SOURCE_ROOT; };
		F5DBD33320825F90002D27A9 /* LoginViewController.swift */ = {isa = PBXFileReference; fileEncoding = 4; lastKnownFileType = sourcecode.swift; name = LoginViewController.swift; path = FinalProject/Screens/LoginViewController.swift; sourceTree = SOURCE_ROOT; };
		F5DBD33520825FAE002D27A9 /* HomeViewController.swift */ = {isa = PBXFileReference; fileEncoding = 4; lastKnownFileType = sourcecode.swift; name = HomeViewController.swift; path = FinalProject/Screens/HomeViewController.swift; sourceTree = SOURCE_ROOT; };
		F5DBD33620825FAE002D27A9 /* CustomTabBarController.swift */ = {isa = PBXFileReference; fileEncoding = 4; lastKnownFileType = sourcecode.swift; name = CustomTabBarController.swift; path = FinalProject/Screens/CustomTabBarController.swift; sourceTree = SOURCE_ROOT; };
		F5DBD33720825FAE002D27A9 /* ProfileViewController.swift */ = {isa = PBXFileReference; fileEncoding = 4; lastKnownFileType = sourcecode.swift; name = ProfileViewController.swift; path = FinalProject/Screens/ProfileViewController.swift; sourceTree = SOURCE_ROOT; };
		F5DBD33C20825FC0002D27A9 /* Base */ = {isa = PBXFileReference; lastKnownFileType = file.storyboard; name = Base; path = FinalProject/Screens/Base.lproj/Main.storyboard; sourceTree = SOURCE_ROOT; };
		F5DBD33E20826057002D27A9 /* Item.swift */ = {isa = PBXFileReference; lastKnownFileType = sourcecode.swift; path = Item.swift; sourceTree = "<group>"; };
		F5DBD340208265DA002D27A9 /* ItemCellView.swift */ = {isa = PBXFileReference; lastKnownFileType = sourcecode.swift; name = ItemCellView.swift; path = FinalProject/ItemCellView.swift; sourceTree = SOURCE_ROOT; };
		F5DBD34220826E79002D27A9 /* ItemViewController.swift */ = {isa = PBXFileReference; lastKnownFileType = sourcecode.swift; name = ItemViewController.swift; path = FinalProject/ItemViewController.swift; sourceTree = SOURCE_ROOT; };
		F5DBD34620828946002D27A9 /* DatabaseManager.swift */ = {isa = PBXFileReference; fileEncoding = 4; lastKnownFileType = sourcecode.swift; path = DatabaseManager.swift; sourceTree = "<group>"; };
		F5DBD3482082931B002D27A9 /* SettingsViewController.swift */ = {isa = PBXFileReference; lastKnownFileType = sourcecode.swift; name = SettingsViewController.swift; path = FinalProject/SettingsViewController.swift; sourceTree = SOURCE_ROOT; };
		F5DBD34A20837DB4002D27A9 /* DatabaseManager+Operations.swift */ = {isa = PBXFileReference; lastKnownFileType = sourcecode.swift; path = "DatabaseManager+Operations.swift"; sourceTree = "<group>"; };
		F5DBD34C20837E7D002D27A9 /* User.swift */ = {isa = PBXFileReference; lastKnownFileType = sourcecode.swift; path = User.swift; sourceTree = "<group>"; };
/* End PBXFileReference section */

/* Begin PBXFrameworksBuildPhase section */
		F596C0752078A0260051E558 /* Frameworks */ = {
			isa = PBXFrameworksBuildPhase;
			buildActionMask = 2147483647;
			files = (
				F596C0BC2078AC160051E558 /* Bolts.framework in Frameworks */,
				F596C0BD2078AC160051E558 /* FBSDKCoreKit.framework in Frameworks */,
				F596C0BE2078AC160051E558 /* FBSDKLoginKit.framework in Frameworks */,
				F8E4BE54F3EAD78CAB1F13F2 /* Pods_FinalProject.framework in Frameworks */,
			);
			runOnlyForDeploymentPostprocessing = 0;
		};
		F596C08C2078A0270051E558 /* Frameworks */ = {
			isa = PBXFrameworksBuildPhase;
			buildActionMask = 2147483647;
			files = (
			);
			runOnlyForDeploymentPostprocessing = 0;
		};
		F596C0972078A0270051E558 /* Frameworks */ = {
			isa = PBXFrameworksBuildPhase;
			buildActionMask = 2147483647;
			files = (
			);
			runOnlyForDeploymentPostprocessing = 0;
		};
/* End PBXFrameworksBuildPhase section */

/* Begin PBXGroup section */
		12144F00E042B5765770B827 /* Pods */ = {
			isa = PBXGroup;
			children = (
				4D91914C88A75B5521D741B7 /* Pods-FinalProject.debug.xcconfig */,
				3B6C115AB371B6BD6BFD8FC3 /* Pods-FinalProject.release.xcconfig */,
			);
			name = Pods;
			sourceTree = "<group>";
		};
		F5924C2420825E9E00A1C367 /* Default */ = {
			isa = PBXGroup;
			children = (
				F596C07B2078A0260051E558 /* AppDelegate.swift */,
				F596C0872078A0270051E558 /* LaunchScreen.storyboard */,
				F596C0822078A0260051E558 /* FinalProject.xcdatamodeld */,
			);
			path = Default;
			sourceTree = "<group>";
		};
		F5924C2520825EB700A1C367 /* Screens */ = {
			isa = PBXGroup;
			children = (
				F5DBD33B20825FC0002D27A9 /* Main.storyboard */,
				F5DBD33120825F84002D27A9 /* FavoritesViewController.swift */,
				F5DBD33620825FAE002D27A9 /* CustomTabBarController.swift */,
				F5DBD33520825FAE002D27A9 /* HomeViewController.swift */,
				F5DBD33720825FAE002D27A9 /* ProfileViewController.swift */,
				F5DBD33320825F90002D27A9 /* LoginViewController.swift */,
				F5DBD340208265DA002D27A9 /* ItemCellView.swift */,
				F5DBD34220826E79002D27A9 /* ItemViewController.swift */,
				F5DBD3482082931B002D27A9 /* SettingsViewController.swift */,
			);
			path = Screens;
			sourceTree = "<group>";
		};
		F596C06F2078A0260051E558 = {
			isa = PBXGroup;
			children = (
				F596C0BF207943CB0051E558 /* Podfile */,
				F596C0B82078AB990051E558 /* Frameworks */,
				F596C07A2078A0260051E558 /* FinalProject */,
				F596C0922078A0270051E558 /* FinalProjectTests */,
				F596C09D2078A0270051E558 /* FinalProjectUITests */,
				F596C0792078A0260051E558 /* Products */,
				12144F00E042B5765770B827 /* Pods */,
			);
			sourceTree = "<group>";
		};
		F596C0792078A0260051E558 /* Products */ = {
			isa = PBXGroup;
			children = (
				F596C0782078A0260051E558 /* FinalProject.app */,
				F596C08F2078A0270051E558 /* FinalProjectTests.xctest */,
				F596C09A2078A0270051E558 /* FinalProjectUITests.xctest */,
			);
			name = Products;
			sourceTree = "<group>";
		};
		F596C07A2078A0260051E558 /* FinalProject */ = {
			isa = PBXGroup;
			children = (
				F5924C2520825EB700A1C367 /* Screens */,
				F596C0852078A0270051E558 /* Assets.xcassets */,
				F5924C2420825E9E00A1C367 /* Default */,
				F596C08A2078A0270051E558 /* Info.plist */,
				F5DBD34620828946002D27A9 /* DatabaseManager.swift */,
				F5924C202082505500A1C367 /* Theme.swift */,
				F5924C2220825AE200A1C367 /* ApiManager.swift */,
				F5DBD33E20826057002D27A9 /* Item.swift */,
				F5DBD34A20837DB4002D27A9 /* DatabaseManager+Operations.swift */,
				F5DBD34C20837E7D002D27A9 /* User.swift */,
			);
			path = FinalProject;
			sourceTree = "<group>";
		};
		F596C0922078A0270051E558 /* FinalProjectTests */ = {
			isa = PBXGroup;
			children = (
				F596C0932078A0270051E558 /* FinalProjectTests.swift */,
				F596C0952078A0270051E558 /* Info.plist */,
			);
			path = FinalProjectTests;
			sourceTree = "<group>";
		};
		F596C09D2078A0270051E558 /* FinalProjectUITests */ = {
			isa = PBXGroup;
			children = (
				F596C09E2078A0270051E558 /* FinalProjectUITests.swift */,
				F596C0A02078A0270051E558 /* Info.plist */,
			);
			path = FinalProjectUITests;
			sourceTree = "<group>";
		};
		F596C0B82078AB990051E558 /* Frameworks */ = {
			isa = PBXGroup;
			children = (
				F596C0B92078AC150051E558 /* Bolts.framework */,
				F596C0BA2078AC160051E558 /* FBSDKCoreKit.framework */,
				F596C0BB2078AC160051E558 /* FBSDKLoginKit.framework */,
				9CD466C53EB03B4983BB4C51 /* Pods_FinalProject.framework */,
			);
			path = Frameworks;
			sourceTree = "<group>";
		};
/* End PBXGroup section */

/* Begin PBXNativeTarget section */
		F596C0772078A0260051E558 /* FinalProject */ = {
			isa = PBXNativeTarget;
			buildConfigurationList = F596C0A32078A0270051E558 /* Build configuration list for PBXNativeTarget "FinalProject" */;
			buildPhases = (
				7037CFCEA5961D6B97AD9A17 /* [CP] Check Pods Manifest.lock */,
				F596C0742078A0260051E558 /* Sources */,
				F596C0752078A0260051E558 /* Frameworks */,
				F596C0762078A0260051E558 /* Resources */,
				6614D781571702B32896BC9F /* [CP] Embed Pods Frameworks */,
			);
			buildRules = (
			);
			dependencies = (
			);
			name = FinalProject;
			productName = FinalProject;
			productReference = F596C0782078A0260051E558 /* FinalProject.app */;
			productType = "com.apple.product-type.application";
		};
		F596C08E2078A0270051E558 /* FinalProjectTests */ = {
			isa = PBXNativeTarget;
			buildConfigurationList = F596C0A62078A0270051E558 /* Build configuration list for PBXNativeTarget "FinalProjectTests" */;
			buildPhases = (
				F596C08B2078A0270051E558 /* Sources */,
				F596C08C2078A0270051E558 /* Frameworks */,
				F596C08D2078A0270051E558 /* Resources */,
			);
			buildRules = (
			);
			dependencies = (
				F596C0912078A0270051E558 /* PBXTargetDependency */,
			);
			name = FinalProjectTests;
			productName = FinalProjectTests;
			productReference = F596C08F2078A0270051E558 /* FinalProjectTests.xctest */;
			productType = "com.apple.product-type.bundle.unit-test";
		};
		F596C0992078A0270051E558 /* FinalProjectUITests */ = {
			isa = PBXNativeTarget;
			buildConfigurationList = F596C0A92078A0270051E558 /* Build configuration list for PBXNativeTarget "FinalProjectUITests" */;
			buildPhases = (
				F596C0962078A0270051E558 /* Sources */,
				F596C0972078A0270051E558 /* Frameworks */,
				F596C0982078A0270051E558 /* Resources */,
			);
			buildRules = (
			);
			dependencies = (
				F596C09C2078A0270051E558 /* PBXTargetDependency */,
			);
			name = FinalProjectUITests;
			productName = FinalProjectUITests;
			productReference = F596C09A2078A0270051E558 /* FinalProjectUITests.xctest */;
			productType = "com.apple.product-type.bundle.ui-testing";
		};
/* End PBXNativeTarget section */

/* Begin PBXProject section */
		F596C0702078A0260051E558 /* Project object */ = {
			isa = PBXProject;
			attributes = {
				LastSwiftUpdateCheck = 0930;
				LastUpgradeCheck = 0930;
				ORGANIZATIONNAME = "Georgiana Tanase";
				TargetAttributes = {
					F596C0772078A0260051E558 = {
						CreatedOnToolsVersion = 9.3;
					};
					F596C08E2078A0270051E558 = {
						CreatedOnToolsVersion = 9.3;
						TestTargetID = F596C0772078A0260051E558;
					};
					F596C0992078A0270051E558 = {
						CreatedOnToolsVersion = 9.3;
						TestTargetID = F596C0772078A0260051E558;
					};
				};
			};
			buildConfigurationList = F596C0732078A0260051E558 /* Build configuration list for PBXProject "FinalProject" */;
			compatibilityVersion = "Xcode 9.3";
			developmentRegion = en;
			hasScannedForEncodings = 0;
			knownRegions = (
				en,
				Base,
			);
			mainGroup = F596C06F2078A0260051E558;
			productRefGroup = F596C0792078A0260051E558 /* Products */;
			projectDirPath = "";
			projectRoot = "";
			targets = (
				F596C0772078A0260051E558 /* FinalProject */,
				F596C08E2078A0270051E558 /* FinalProjectTests */,
				F596C0992078A0270051E558 /* FinalProjectUITests */,
			);
		};
/* End PBXProject section */

/* Begin PBXResourcesBuildPhase section */
		F596C0762078A0260051E558 /* Resources */ = {
			isa = PBXResourcesBuildPhase;
			buildActionMask = 2147483647;
			files = (
				F596C0892078A0270051E558 /* LaunchScreen.storyboard in Resources */,
				F596C0862078A0270051E558 /* Assets.xcassets in Resources */,
				F596C0C0207943CB0051E558 /* Podfile in Resources */,
				F5DBD33D20825FC0002D27A9 /* Main.storyboard in Resources */,
			);
			runOnlyForDeploymentPostprocessing = 0;
		};
		F596C08D2078A0270051E558 /* Resources */ = {
			isa = PBXResourcesBuildPhase;
			buildActionMask = 2147483647;
			files = (
			);
			runOnlyForDeploymentPostprocessing = 0;
		};
		F596C0982078A0270051E558 /* Resources */ = {
			isa = PBXResourcesBuildPhase;
			buildActionMask = 2147483647;
			files = (
			);
			runOnlyForDeploymentPostprocessing = 0;
		};
/* End PBXResourcesBuildPhase section */

/* Begin PBXShellScriptBuildPhase section */
		6614D781571702B32896BC9F /* [CP] Embed Pods Frameworks */ = {
			isa = PBXShellScriptBuildPhase;
			buildActionMask = 2147483647;
			files = (
			);
			inputPaths = (
				"${SRCROOT}/Pods/Target Support Files/Pods-FinalProject/Pods-FinalProject-frameworks.sh",
				"${BUILT_PRODUCTS_DIR}/Alamofire/Alamofire.framework",
				"${BUILT_PRODUCTS_DIR}/Bolts/Bolts.framework",
				"${BUILT_PRODUCTS_DIR}/FBSDKCoreKit/FBSDKCoreKit.framework",
				"${BUILT_PRODUCTS_DIR}/FBSDKLoginKit/FBSDKLoginKit.framework",
				"${BUILT_PRODUCTS_DIR}/FacebookCore/FacebookCore.framework",
				"${BUILT_PRODUCTS_DIR}/FacebookLogin/FacebookLogin.framework",
				"${BUILT_PRODUCTS_DIR}/Realm/Realm.framework",
				"${BUILT_PRODUCTS_DIR}/RealmSwift/RealmSwift.framework",
			);
			name = "[CP] Embed Pods Frameworks";
			outputPaths = (
				"${TARGET_BUILD_DIR}/${FRAMEWORKS_FOLDER_PATH}/Alamofire.framework",
				"${TARGET_BUILD_DIR}/${FRAMEWORKS_FOLDER_PATH}/Bolts.framework",
				"${TARGET_BUILD_DIR}/${FRAMEWORKS_FOLDER_PATH}/FBSDKCoreKit.framework",
				"${TARGET_BUILD_DIR}/${FRAMEWORKS_FOLDER_PATH}/FBSDKLoginKit.framework",
				"${TARGET_BUILD_DIR}/${FRAMEWORKS_FOLDER_PATH}/FacebookCore.framework",
				"${TARGET_BUILD_DIR}/${FRAMEWORKS_FOLDER_PATH}/FacebookLogin.framework",
				"${TARGET_BUILD_DIR}/${FRAMEWORKS_FOLDER_PATH}/Realm.framework",
				"${TARGET_BUILD_DIR}/${FRAMEWORKS_FOLDER_PATH}/RealmSwift.framework",
			);
			runOnlyForDeploymentPostprocessing = 0;
			shellPath = /bin/sh;
			shellScript = "\"${SRCROOT}/Pods/Target Support Files/Pods-FinalProject/Pods-FinalProject-frameworks.sh\"\n";
			showEnvVarsInLog = 0;
		};
		7037CFCEA5961D6B97AD9A17 /* [CP] Check Pods Manifest.lock */ = {
			isa = PBXShellScriptBuildPhase;
			buildActionMask = 2147483647;
			files = (
			);
			inputPaths = (
				"${PODS_PODFILE_DIR_PATH}/Podfile.lock",
				"${PODS_ROOT}/Manifest.lock",
			);
			name = "[CP] Check Pods Manifest.lock";
			outputPaths = (
				"$(DERIVED_FILE_DIR)/Pods-FinalProject-checkManifestLockResult.txt",
			);
			runOnlyForDeploymentPostprocessing = 0;
			shellPath = /bin/sh;
			shellScript = "diff \"${PODS_PODFILE_DIR_PATH}/Podfile.lock\" \"${PODS_ROOT}/Manifest.lock\" > /dev/null\nif [ $? != 0 ] ; then\n    # print error to STDERR\n    echo \"error: The sandbox is not in sync with the Podfile.lock. Run 'pod install' or update your CocoaPods installation.\" >&2\n    exit 1\nfi\n# This output is used by Xcode 'outputs' to avoid re-running this script phase.\necho \"SUCCESS\" > \"${SCRIPT_OUTPUT_FILE_0}\"\n";
			showEnvVarsInLog = 0;
		};
/* End PBXShellScriptBuildPhase section */

/* Begin PBXSourcesBuildPhase section */
		F596C0742078A0260051E558 /* Sources */ = {
			isa = PBXSourcesBuildPhase;
			buildActionMask = 2147483647;
			files = (
				F5DBD33F20826057002D27A9 /* Item.swift in Sources */,
				F5DBD33420825F90002D27A9 /* LoginViewController.swift in Sources */,
				F5DBD34720828946002D27A9 /* DatabaseManager.swift in Sources */,
				F5DBD33220825F84002D27A9 /* FavoritesViewController.swift in Sources */,
				F5DBD34D20837E7D002D27A9 /* User.swift in Sources */,
				F5DBD33920825FAE002D27A9 /* CustomTabBarController.swift in Sources */,
				F5924C212082505500A1C367 /* Theme.swift in Sources */,
				F5DBD34320826E79002D27A9 /* ItemViewController.swift in Sources */,
				F5924C2320825AE200A1C367 /* ApiManager.swift in Sources */,
				F596C07C2078A0260051E558 /* AppDelegate.swift in Sources */,
				F5DBD3492082931B002D27A9 /* SettingsViewController.swift in Sources */,
				F5DBD33A20825FAE002D27A9 /* ProfileViewController.swift in Sources */,
				F5DBD33820825FAE002D27A9 /* HomeViewController.swift in Sources */,
				F596C0842078A0260051E558 /* FinalProject.xcdatamodeld in Sources */,
				F5DBD341208265DA002D27A9 /* ItemCellView.swift in Sources */,
				F5DBD34B20837DB4002D27A9 /* DatabaseManager+Operations.swift in Sources */,
			);
			runOnlyForDeploymentPostprocessing = 0;
		};
		F596C08B2078A0270051E558 /* Sources */ = {
			isa = PBXSourcesBuildPhase;
			buildActionMask = 2147483647;
			files = (
				F596C0942078A0270051E558 /* FinalProjectTests.swift in Sources */,
			);
			runOnlyForDeploymentPostprocessing = 0;
		};
		F596C0962078A0270051E558 /* Sources */ = {
			isa = PBXSourcesBuildPhase;
			buildActionMask = 2147483647;
			files = (
				F596C09F2078A0270051E558 /* FinalProjectUITests.swift in Sources */,
			);
			runOnlyForDeploymentPostprocessing = 0;
		};
/* End PBXSourcesBuildPhase section */

/* Begin PBXTargetDependency section */
		F596C0912078A0270051E558 /* PBXTargetDependency */ = {
			isa = PBXTargetDependency;
			target = F596C0772078A0260051E558 /* FinalProject */;
			targetProxy = F596C0902078A0270051E558 /* PBXContainerItemProxy */;
		};
		F596C09C2078A0270051E558 /* PBXTargetDependency */ = {
			isa = PBXTargetDependency;
			target = F596C0772078A0260051E558 /* FinalProject */;
			targetProxy = F596C09B2078A0270051E558 /* PBXContainerItemProxy */;
		};
/* End PBXTargetDependency section */

/* Begin PBXVariantGroup section */
		F596C0872078A0270051E558 /* LaunchScreen.storyboard */ = {
			isa = PBXVariantGroup;
			children = (
				F596C0882078A0270051E558 /* Base */,
			);
			name = LaunchScreen.storyboard;
			sourceTree = "<group>";
		};
		F5DBD33B20825FC0002D27A9 /* Main.storyboard */ = {
			isa = PBXVariantGroup;
			children = (
				F5DBD33C20825FC0002D27A9 /* Base */,
			);
			name = Main.storyboard;
			sourceTree = "<group>";
		};
/* End PBXVariantGroup section */

/* Begin XCBuildConfiguration section */
		F596C0A12078A0270051E558 /* Debug */ = {
			isa = XCBuildConfiguration;
			buildSettings = {
				ALWAYS_SEARCH_USER_PATHS = NO;
				CLANG_ANALYZER_NONNULL = YES;
				CLANG_ANALYZER_NUMBER_OBJECT_CONVERSION = YES_AGGRESSIVE;
				CLANG_CXX_LANGUAGE_STANDARD = "gnu++14";
				CLANG_CXX_LIBRARY = "libc++";
				CLANG_ENABLE_MODULES = YES;
				CLANG_ENABLE_OBJC_ARC = YES;
				CLANG_ENABLE_OBJC_WEAK = YES;
				CLANG_WARN_BLOCK_CAPTURE_AUTORELEASING = YES;
				CLANG_WARN_BOOL_CONVERSION = YES;
				CLANG_WARN_COMMA = YES;
				CLANG_WARN_CONSTANT_CONVERSION = YES;
				CLANG_WARN_DEPRECATED_OBJC_IMPLEMENTATIONS = YES;
				CLANG_WARN_DIRECT_OBJC_ISA_USAGE = YES_ERROR;
				CLANG_WARN_DOCUMENTATION_COMMENTS = YES;
				CLANG_WARN_EMPTY_BODY = YES;
				CLANG_WARN_ENUM_CONVERSION = YES;
				CLANG_WARN_INFINITE_RECURSION = YES;
				CLANG_WARN_INT_CONVERSION = YES;
				CLANG_WARN_NON_LITERAL_NULL_CONVERSION = YES;
				CLANG_WARN_OBJC_IMPLICIT_RETAIN_SELF = YES;
				CLANG_WARN_OBJC_LITERAL_CONVERSION = YES;
				CLANG_WARN_OBJC_ROOT_CLASS = YES_ERROR;
				CLANG_WARN_RANGE_LOOP_ANALYSIS = YES;
				CLANG_WARN_STRICT_PROTOTYPES = YES;
				CLANG_WARN_SUSPICIOUS_MOVE = YES;
				CLANG_WARN_UNGUARDED_AVAILABILITY = YES_AGGRESSIVE;
				CLANG_WARN_UNREACHABLE_CODE = YES;
				CLANG_WARN__DUPLICATE_METHOD_MATCH = YES;
				CODE_SIGN_IDENTITY = "iPhone Developer";
				COPY_PHASE_STRIP = NO;
				DEBUG_INFORMATION_FORMAT = dwarf;
				ENABLE_STRICT_OBJC_MSGSEND = YES;
				ENABLE_TESTABILITY = YES;
				GCC_C_LANGUAGE_STANDARD = gnu11;
				GCC_DYNAMIC_NO_PIC = NO;
				GCC_NO_COMMON_BLOCKS = YES;
				GCC_OPTIMIZATION_LEVEL = 0;
				GCC_PREPROCESSOR_DEFINITIONS = (
					"DEBUG=1",
					"$(inherited)",
				);
				GCC_WARN_64_TO_32_BIT_CONVERSION = YES;
				GCC_WARN_ABOUT_RETURN_TYPE = YES_ERROR;
				GCC_WARN_UNDECLARED_SELECTOR = YES;
				GCC_WARN_UNINITIALIZED_AUTOS = YES_AGGRESSIVE;
				GCC_WARN_UNUSED_FUNCTION = YES;
				GCC_WARN_UNUSED_VARIABLE = YES;
				IPHONEOS_DEPLOYMENT_TARGET = 11.3;
				MTL_ENABLE_DEBUG_INFO = YES;
				ONLY_ACTIVE_ARCH = YES;
				SDKROOT = iphoneos;
				SWIFT_ACTIVE_COMPILATION_CONDITIONS = DEBUG;
				SWIFT_OPTIMIZATION_LEVEL = "-Onone";
			};
			name = Debug;
		};
		F596C0A22078A0270051E558 /* Release */ = {
			isa = XCBuildConfiguration;
			buildSettings = {
				ALWAYS_SEARCH_USER_PATHS = NO;
				CLANG_ANALYZER_NONNULL = YES;
				CLANG_ANALYZER_NUMBER_OBJECT_CONVERSION = YES_AGGRESSIVE;
				CLANG_CXX_LANGUAGE_STANDARD = "gnu++14";
				CLANG_CXX_LIBRARY = "libc++";
				CLANG_ENABLE_MODULES = YES;
				CLANG_ENABLE_OBJC_ARC = YES;
				CLANG_ENABLE_OBJC_WEAK = YES;
				CLANG_WARN_BLOCK_CAPTURE_AUTORELEASING = YES;
				CLANG_WARN_BOOL_CONVERSION = YES;
				CLANG_WARN_COMMA = YES;
				CLANG_WARN_CONSTANT_CONVERSION = YES;
				CLANG_WARN_DEPRECATED_OBJC_IMPLEMENTATIONS = YES;
				CLANG_WARN_DIRECT_OBJC_ISA_USAGE = YES_ERROR;
				CLANG_WARN_DOCUMENTATION_COMMENTS = YES;
				CLANG_WARN_EMPTY_BODY = YES;
				CLANG_WARN_ENUM_CONVERSION = YES;
				CLANG_WARN_INFINITE_RECURSION = YES;
				CLANG_WARN_INT_CONVERSION = YES;
				CLANG_WARN_NON_LITERAL_NULL_CONVERSION = YES;
				CLANG_WARN_OBJC_IMPLICIT_RETAIN_SELF = YES;
				CLANG_WARN_OBJC_LITERAL_CONVERSION = YES;
				CLANG_WARN_OBJC_ROOT_CLASS = YES_ERROR;
				CLANG_WARN_RANGE_LOOP_ANALYSIS = YES;
				CLANG_WARN_STRICT_PROTOTYPES = YES;
				CLANG_WARN_SUSPICIOUS_MOVE = YES;
				CLANG_WARN_UNGUARDED_AVAILABILITY = YES_AGGRESSIVE;
				CLANG_WARN_UNREACHABLE_CODE = YES;
				CLANG_WARN__DUPLICATE_METHOD_MATCH = YES;
				CODE_SIGN_IDENTITY = "iPhone Developer";
				COPY_PHASE_STRIP = NO;
				DEBUG_INFORMATION_FORMAT = "dwarf-with-dsym";
				ENABLE_NS_ASSERTIONS = NO;
				ENABLE_STRICT_OBJC_MSGSEND = YES;
				GCC_C_LANGUAGE_STANDARD = gnu11;
				GCC_NO_COMMON_BLOCKS = YES;
				GCC_WARN_64_TO_32_BIT_CONVERSION = YES;
				GCC_WARN_ABOUT_RETURN_TYPE = YES_ERROR;
				GCC_WARN_UNDECLARED_SELECTOR = YES;
				GCC_WARN_UNINITIALIZED_AUTOS = YES_AGGRESSIVE;
				GCC_WARN_UNUSED_FUNCTION = YES;
				GCC_WARN_UNUSED_VARIABLE = YES;
				IPHONEOS_DEPLOYMENT_TARGET = 11.3;
				MTL_ENABLE_DEBUG_INFO = NO;
				SDKROOT = iphoneos;
				SWIFT_COMPILATION_MODE = wholemodule;
				SWIFT_OPTIMIZATION_LEVEL = "-O";
				VALIDATE_PRODUCT = YES;
			};
			name = Release;
		};
		F596C0A42078A0270051E558 /* Debug */ = {
			isa = XCBuildConfiguration;
			baseConfigurationReference = 4D91914C88A75B5521D741B7 /* Pods-FinalProject.debug.xcconfig */;
			buildSettings = {
				ASSETCATALOG_COMPILER_APPICON_NAME = AppIcon;
				CODE_SIGN_STYLE = Automatic;
				DEVELOPMENT_TEAM = S9R6P5SD9T;
				FRAMEWORK_SEARCH_PATHS = (
					"$(inherited)",
					"$(PROJECT_DIR)/Frameworks",
				);
				INFOPLIST_FILE = FinalProject/Info.plist;
				IPHONEOS_DEPLOYMENT_TARGET = 10.0;
				LD_RUNPATH_SEARCH_PATHS = (
					"$(inherited)",
					"@executable_path/Frameworks",
				);
				PRODUCT_BUNDLE_IDENTIFIER = iOSFmi.FinalProject;
				PRODUCT_NAME = "$(TARGET_NAME)";
				SWIFT_VERSION = 4.0;
				TARGETED_DEVICE_FAMILY = "1,2";
			};
			name = Debug;
		};
		F596C0A52078A0270051E558 /* Release */ = {
			isa = XCBuildConfiguration;
			baseConfigurationReference = 3B6C115AB371B6BD6BFD8FC3 /* Pods-FinalProject.release.xcconfig */;
			buildSettings = {
				ASSETCATALOG_COMPILER_APPICON_NAME = AppIcon;
				CODE_SIGN_STYLE = Automatic;
				DEVELOPMENT_TEAM = S9R6P5SD9T;
				FRAMEWORK_SEARCH_PATHS = (
					"$(inherited)",
					"$(PROJECT_DIR)/Frameworks",
				);
				INFOPLIST_FILE = FinalProject/Info.plist;
				IPHONEOS_DEPLOYMENT_TARGET = 10.0;
				LD_RUNPATH_SEARCH_PATHS = (
					"$(inherited)",
					"@executable_path/Frameworks",
				);
				PRODUCT_BUNDLE_IDENTIFIER = iOSFmi.FinalProject;
				PRODUCT_NAME = "$(TARGET_NAME)";
				SWIFT_VERSION = 4.0;
				TARGETED_DEVICE_FAMILY = "1,2";
			};
			name = Release;
		};
		F596C0A72078A0270051E558 /* Debug */ = {
			isa = XCBuildConfiguration;
			buildSettings = {
				ALWAYS_EMBED_SWIFT_STANDARD_LIBRARIES = YES;
				BUNDLE_LOADER = "$(TEST_HOST)";
				CODE_SIGN_STYLE = Automatic;
				DEVELOPMENT_TEAM = S9R6P5SD9T;
				INFOPLIST_FILE = FinalProjectTests/Info.plist;
				LD_RUNPATH_SEARCH_PATHS = (
					"$(inherited)",
					"@executable_path/Frameworks",
					"@loader_path/Frameworks",
				);
				PRODUCT_BUNDLE_IDENTIFIER = iOSFmi.FinalProjectTests;
				PRODUCT_NAME = "$(TARGET_NAME)";
				SWIFT_VERSION = 4.0;
				TARGETED_DEVICE_FAMILY = "1,2";
				TEST_HOST = "$(BUILT_PRODUCTS_DIR)/FinalProject.app/FinalProject";
			};
			name = Debug;
		};
		F596C0A82078A0270051E558 /* Release */ = {
			isa = XCBuildConfiguration;
			buildSettings = {
				ALWAYS_EMBED_SWIFT_STANDARD_LIBRARIES = YES;
				BUNDLE_LOADER = "$(TEST_HOST)";
				CODE_SIGN_STYLE = Automatic;
				DEVELOPMENT_TEAM = S9R6P5SD9T;
				INFOPLIST_FILE = FinalProjectTests/Info.plist;
				LD_RUNPATH_SEARCH_PATHS = (
					"$(inherited)",
					"@executable_path/Frameworks",
					"@loader_path/Frameworks",
				);
				PRODUCT_BUNDLE_IDENTIFIER = iOSFmi.FinalProjectTests;
				PRODUCT_NAME = "$(TARGET_NAME)";
				SWIFT_VERSION = 4.0;
				TARGETED_DEVICE_FAMILY = "1,2";
				TEST_HOST = "$(BUILT_PRODUCTS_DIR)/FinalProject.app/FinalProject";
			};
			name = Release;
		};
		F596C0AA2078A0270051E558 /* Debug */ = {
			isa = XCBuildConfiguration;
			buildSettings = {
				ALWAYS_EMBED_SWIFT_STANDARD_LIBRARIES = YES;
				CODE_SIGN_STYLE = Automatic;
				DEVELOPMENT_TEAM = S9R6P5SD9T;
				INFOPLIST_FILE = FinalProjectUITests/Info.plist;
				LD_RUNPATH_SEARCH_PATHS = (
					"$(inherited)",
					"@executable_path/Frameworks",
					"@loader_path/Frameworks",
				);
				PRODUCT_BUNDLE_IDENTIFIER = iOSFmi.FinalProjectUITests;
				PRODUCT_NAME = "$(TARGET_NAME)";
				SWIFT_VERSION = 4.0;
				TARGETED_DEVICE_FAMILY = "1,2";
				TEST_TARGET_NAME = FinalProject;
			};
			name = Debug;
		};
		F596C0AB2078A0270051E558 /* Release */ = {
			isa = XCBuildConfiguration;
			buildSettings = {
				ALWAYS_EMBED_SWIFT_STANDARD_LIBRARIES = YES;
				CODE_SIGN_STYLE = Automatic;
				DEVELOPMENT_TEAM = S9R6P5SD9T;
				INFOPLIST_FILE = FinalProjectUITests/Info.plist;
				LD_RUNPATH_SEARCH_PATHS = (
					"$(inherited)",
					"@executable_path/Frameworks",
					"@loader_path/Frameworks",
				);
				PRODUCT_BUNDLE_IDENTIFIER = iOSFmi.FinalProjectUITests;
				PRODUCT_NAME = "$(TARGET_NAME)";
				SWIFT_VERSION = 4.0;
				TARGETED_DEVICE_FAMILY = "1,2";
				TEST_TARGET_NAME = FinalProject;
			};
			name = Release;
		};
/* End XCBuildConfiguration section */

/* Begin XCConfigurationList section */
		F596C0732078A0260051E558 /* Build configuration list for PBXProject "FinalProject" */ = {
			isa = XCConfigurationList;
			buildConfigurations = (
				F596C0A12078A0270051E558 /* Debug */,
				F596C0A22078A0270051E558 /* Release */,
			);
			defaultConfigurationIsVisible = 0;
			defaultConfigurationName = Release;
		};
		F596C0A32078A0270051E558 /* Build configuration list for PBXNativeTarget "FinalProject" */ = {
			isa = XCConfigurationList;
			buildConfigurations = (
				F596C0A42078A0270051E558 /* Debug */,
				F596C0A52078A0270051E558 /* Release */,
			);
			defaultConfigurationIsVisible = 0;
			defaultConfigurationName = Release;
		};
		F596C0A62078A0270051E558 /* Build configuration list for PBXNativeTarget "FinalProjectTests" */ = {
			isa = XCConfigurationList;
			buildConfigurations = (
				F596C0A72078A0270051E558 /* Debug */,
				F596C0A82078A0270051E558 /* Release */,
			);
			defaultConfigurationIsVisible = 0;
			defaultConfigurationName = Release;
		};
		F596C0A92078A0270051E558 /* Build configuration list for PBXNativeTarget "FinalProjectUITests" */ = {
			isa = XCConfigurationList;
			buildConfigurations = (
				F596C0AA2078A0270051E558 /* Debug */,
				F596C0AB2078A0270051E558 /* Release */,
			);
			defaultConfigurationIsVisible = 0;
			defaultConfigurationName = Release;
		};
/* End XCConfigurationList section */

/* Begin XCVersionGroup section */
		F596C0822078A0260051E558 /* FinalProject.xcdatamodeld */ = {
			isa = XCVersionGroup;
			children = (
				F596C0832078A0260051E558 /* FinalProject.xcdatamodel */,
			);
			currentVersion = F596C0832078A0260051E558 /* FinalProject.xcdatamodel */;
			path = FinalProject.xcdatamodeld;
			sourceTree = "<group>";
			versionGroupType = wrapper.xcdatamodel;
		};
/* End XCVersionGroup section */
	};
	rootObject = F596C0702078A0260051E558 /* Project object */;
}
